
Microsoft Visual Studio Solution File, Format Version 12.00
# Visual Studio Version 17
VisualStudioVersion = 17.7.34031.279
MinimumVisualStudioVersion = 10.0.40219.1
Project("{FAE04EC0-301F-11D3-BF4B-00C04F79EFBC}") = "AREA TRIANGULO", "AREA TRIANGULO\AREA TRIANGULO.csproj", "{BDA21583-26D2-459E-86EA-4C06A62B7FED}"
EndProject
Global
	GlobalSection(SolutionConfigurationPlatforms) = preSolution
		Debug|Any CPU = Debug|Any CPU
		Release|Any CPU = Release|Any CPU
	EndGlobalSection
	GlobalSection(ProjectConfigurationPlatforms) = postSolution
		{BDA21583-26D2-459E-86EA-4C06A62B7FED}.Debug|Any CPU.ActiveCfg = Debug|Any CPU
		{BDA21583-26D2-459E-86EA-4C06A62B7FED}.Debug|Any CPU.Build.0 = Debug|Any CPU
		{BDA21583-26D2-459E-86EA-4C06A62B7FED}.Release|Any CPU.ActiveCfg = Release|Any CPU
		{BDA21583-26D2-459E-86EA-4C06A62B7FED}.Release|Any CPU.Build.0 = Release|Any CPU
	EndGlobalSection
	GlobalSection(SolutionProperties) = preSolution
		HideSolutionNode = FALSE
	EndGlobalSection
	GlobalSection(ExtensibilityGlobals) = postSolution
		SolutionGuid = {19AF9515-D3E6-4D9B-9942-77BBEC5E70B2}
	EndGlobalSection
EndGlobal
